
Microsoft Visual Studio Solution File, Format Version 12.00
# Visual Studio Version 16
VisualStudioVersion = 25.0.1706.8
MinimumVisualStudioVersion = 10.0.40219.1
Project("{FAE04EC0-301F-11D3-BF4B-00C04F79EFBC}") = "T11", "T11\T11.csproj", "{B888B572-F1C8-40DA-9A17-6E89FAB0702C}"
EndProject
Project("{FAE04EC0-301F-11D3-BF4B-00C04F79EFBC}") = "T12", "T12\T12.csproj", "{999BD022-005B-441E-91D2-EA3207669975}"
EndProject
Project("{FAE04EC0-301F-11D3-BF4B-00C04F79EFBC}") = "T13", "T13\T13.csproj", "{72DC48EF-73A4-4F6A-A16A-743488988C1B}"
EndProject
Project("{FAE04EC0-301F-11D3-BF4B-00C04F79EFBC}") = "T14", "T14\T14.csproj", "{148FC6B4-7AD0-435B-9039-9C2180C4091F}"
EndProject
Project("{FAE04EC0-301F-11D3-BF4B-00C04F79EFBC}") = "T15", "T15\T15.csproj", "{6A50B7C5-1C1F-4CF5-8D08-9E138DB13DC6}"
EndProject
Project("{FAE04EC0-301F-11D3-BF4B-00C04F79EFBC}") = "T16", "T16\T16.csproj", "{2EB013AC-8AB5-4669-944C-EE3571AA65C1}"
EndProject
Project("{FAE04EC0-301F-11D3-BF4B-00C04F79EFBC}") = "T17", "T17\T17.csproj", "{8276C959-C5BC-4EBD-BAD0-03A89382788C}"
EndProject
Project("{FAE04EC0-301F-11D3-BF4B-00C04F79EFBC}") = "T18", "T18\T18.csproj", "{90A3839C-01C6-4934-9D41-2FA7A77CFB8E}"
EndProject
Project("{FAE04EC0-301F-11D3-BF4B-00C04F79EFBC}") = "T19", "T19\T19.csproj", "{9AC6798A-7A87-4DED-B7EE-6F8F6EB8FCC5}"
EndProject
Project("{FAE04EC0-301F-11D3-BF4B-00C04F79EFBC}") = "T20", "T20\T20.csproj", "{D385978A-85C8-4CB7-9429-DA8179128153}"
EndProject
Global
	GlobalSection(SolutionConfigurationPlatforms) = preSolution
		Debug|Any CPU = Debug|Any CPU
		Release|Any CPU = Release|Any CPU
	EndGlobalSection
	GlobalSection(ProjectConfigurationPlatforms) = postSolution
		{B888B572-F1C8-40DA-9A17-6E89FAB0702C}.Debug|Any CPU.ActiveCfg = Debug|Any CPU
		{B888B572-F1C8-40DA-9A17-6E89FAB0702C}.Debug|Any CPU.Build.0 = Debug|Any CPU
		{B888B572-F1C8-40DA-9A17-6E89FAB0702C}.Release|Any CPU.ActiveCfg = Release|Any CPU
		{B888B572-F1C8-40DA-9A17-6E89FAB0702C}.Release|Any CPU.Build.0 = Release|Any CPU
		{999BD022-005B-441E-91D2-EA3207669975}.Debug|Any CPU.ActiveCfg = Debug|Any CPU
		{999BD022-005B-441E-91D2-EA3207669975}.Debug|Any CPU.Build.0 = Debug|Any CPU
		{999BD022-005B-441E-91D2-EA3207669975}.Release|Any CPU.ActiveCfg = Release|Any CPU
		{999BD022-005B-441E-91D2-EA3207669975}.Release|Any CPU.Build.0 = Release|Any CPU
		{72DC48EF-73A4-4F6A-A16A-743488988C1B}.Debug|Any CPU.ActiveCfg = Debug|Any CPU
		{72DC48EF-73A4-4F6A-A16A-743488988C1B}.Debug|Any CPU.Build.0 = Debug|Any CPU
		{72DC48EF-73A4-4F6A-A16A-743488988C1B}.Release|Any CPU.ActiveCfg = Release|Any CPU
		{72DC48EF-73A4-4F6A-A16A-743488988C1B}.Release|Any CPU.Build.0 = Release|Any CPU
		{148FC6B4-7AD0-435B-9039-9C2180C4091F}.Debug|Any CPU.ActiveCfg = Debug|Any CPU
		{148FC6B4-7AD0-435B-9039-9C2180C4091F}.Debug|Any CPU.Build.0 = Debug|Any CPU
		{148FC6B4-7AD0-435B-9039-9C2180C4091F}.Release|Any CPU.ActiveCfg = Release|Any CPU
		{148FC6B4-7AD0-435B-9039-9C2180C4091F}.Release|Any CPU.Build.0 = Release|Any CPU
		{6A50B7C5-1C1F-4CF5-8D08-9E138DB13DC6}.Debug|Any CPU.ActiveCfg = Debug|Any CPU
		{6A50B7C5-1C1F-4CF5-8D08-9E138DB13DC6}.Debug|Any CPU.Build.0 = Debug|Any CPU
		{6A50B7C5-1C1F-4CF5-8D08-9E138DB13DC6}.Release|Any CPU.ActiveCfg = Release|Any CPU
		{6A50B7C5-1C1F-4CF5-8D08-9E138DB13DC6}.Release|Any CPU.Build.0 = Release|Any CPU
		{2EB013AC-8AB5-4669-944C-EE3571AA65C1}.Debug|Any CPU.ActiveCfg = Debug|Any CPU
		{2EB013AC-8AB5-4669-944C-EE3571AA65C1}.Debug|Any CPU.Build.0 = Debug|Any CPU
		{2EB013AC-8AB5-4669-944C-EE3571AA65C1}.Release|Any CPU.ActiveCfg = Release|Any CPU
		{2EB013AC-8AB5-4669-944C-EE3571AA65C1}.Release|Any CPU.Build.0 = Release|Any CPU
		{8276C959-C5BC-4EBD-BAD0-03A89382788C}.Debug|Any CPU.ActiveCfg = Debug|Any CPU
		{8276C959-C5BC-4EBD-BAD0-03A89382788C}.Debug|Any CPU.Build.0 = Debug|Any CPU
		{8276C959-C5BC-4EBD-BAD0-03A89382788C}.Release|Any CPU.ActiveCfg = Release|Any CPU
		{8276C959-C5BC-4EBD-BAD0-03A89382788C}.Release|Any CPU.Build.0 = Release|Any CPU
		{90A3839C-01C6-4934-9D41-2FA7A77CFB8E}.Debug|Any CPU.ActiveCfg = Debug|Any CPU
		{90A3839C-01C6-4934-9D41-2FA7A77CFB8E}.Debug|Any CPU.Build.0 = Debug|Any CPU
		{90A3839C-01C6-4934-9D41-2FA7A77CFB8E}.Release|Any CPU.ActiveCfg = Release|Any CPU
		{90A3839C-01C6-4934-9D41-2FA7A77CFB8E}.Release|Any CPU.Build.0 = Release|Any CPU
		{9AC6798A-7A87-4DED-B7EE-6F8F6EB8FCC5}.Debug|Any CPU.ActiveCfg = Debug|Any CPU
		{9AC6798A-7A87-4DED-B7EE-6F8F6EB8FCC5}.Debug|Any CPU.Build.0 = Debug|Any CPU
		{9AC6798A-7A87-4DED-B7EE-6F8F6EB8FCC5}.Release|Any CPU.ActiveCfg = Release|Any CPU
		{9AC6798A-7A87-4DED-B7EE-6F8F6EB8FCC5}.Release|Any CPU.Build.0 = Release|Any CPU
		{D385978A-85C8-4CB7-9429-DA8179128153}.Debug|Any CPU.ActiveCfg = Debug|Any CPU
		{D385978A-85C8-4CB7-9429-DA8179128153}.Debug|Any CPU.Build.0 = Debug|Any CPU
		{D385978A-85C8-4CB7-9429-DA8179128153}.Release|Any CPU.ActiveCfg = Release|Any CPU
		{D385978A-85C8-4CB7-9429-DA8179128153}.Release|Any CPU.Build.0 = Release|Any CPU
	EndGlobalSection
	GlobalSection(SolutionProperties) = preSolution
		HideSolutionNode = FALSE
	EndGlobalSection
	GlobalSection(ExtensibilityGlobals) = postSolution
		SolutionGuid = {2ED8D788-7497-400C-9EE5-8191F6F410AE}
	EndGlobalSection
EndGlobal
