
Microsoft Visual Studio Solution File, Format Version 12.00
# Visual Studio Version 16
VisualStudioVersion = 25.0.1706.8
MinimumVisualStudioVersion = 10.0.40219.1
Project("{FAE04EC0-301F-11D3-BF4B-00C04F79EFBC}") = "T01", "T01\T01.csproj", "{B06751D2-D434-4640-B820-D58648263008}"
EndProject
Project("{FAE04EC0-301F-11D3-BF4B-00C04F79EFBC}") = "T02", "T02\T02.csproj", "{0EF82395-F2D0-4ED0-82A2-002814335D85}"
EndProject
Project("{FAE04EC0-301F-11D3-BF4B-00C04F79EFBC}") = "T03", "T03\T03.csproj", "{24830C78-A930-4A30-9104-53B66903878B}"
EndProject
Project("{FAE04EC0-301F-11D3-BF4B-00C04F79EFBC}") = "T04", "T04\T04.csproj", "{B2E73A0E-DCFF-4FA5-BDA6-634F5F0EDDFC}"
EndProject
Project("{FAE04EC0-301F-11D3-BF4B-00C04F79EFBC}") = "T05", "T05\T05.csproj", "{E113E4E9-76C9-4B72-908C-BE67F08D2F65}"
EndProject
Project("{FAE04EC0-301F-11D3-BF4B-00C04F79EFBC}") = "T06", "T06\T06.csproj", "{8E68E797-9ACD-4F5B-861C-3D20F894482D}"
EndProject
Project("{FAE04EC0-301F-11D3-BF4B-00C04F79EFBC}") = "T07", "T07\T07.csproj", "{02C47702-C591-42FE-B4D4-B5E59B5DAA87}"
EndProject
Project("{FAE04EC0-301F-11D3-BF4B-00C04F79EFBC}") = "T08", "T08\T08.csproj", "{0B667613-B689-43A2-9796-1FE2F1BB4A0C}"
EndProject
Project("{FAE04EC0-301F-11D3-BF4B-00C04F79EFBC}") = "T09", "T09\T09.csproj", "{FECA870A-DC28-4AD0-A85B-E6C1A851348F}"
EndProject
Project("{FAE04EC0-301F-11D3-BF4B-00C04F79EFBC}") = "T10", "T10\T10.csproj", "{BC4E77E6-61B3-43EA-A460-90F51C64F7D3}"
EndProject
Global
	GlobalSection(SolutionConfigurationPlatforms) = preSolution
		Debug|Any CPU = Debug|Any CPU
		Release|Any CPU = Release|Any CPU
	EndGlobalSection
	GlobalSection(ProjectConfigurationPlatforms) = postSolution
		{B06751D2-D434-4640-B820-D58648263008}.Debug|Any CPU.ActiveCfg = Debug|Any CPU
		{B06751D2-D434-4640-B820-D58648263008}.Debug|Any CPU.Build.0 = Debug|Any CPU
		{B06751D2-D434-4640-B820-D58648263008}.Release|Any CPU.ActiveCfg = Release|Any CPU
		{B06751D2-D434-4640-B820-D58648263008}.Release|Any CPU.Build.0 = Release|Any CPU
		{0EF82395-F2D0-4ED0-82A2-002814335D85}.Debug|Any CPU.ActiveCfg = Debug|Any CPU
		{0EF82395-F2D0-4ED0-82A2-002814335D85}.Debug|Any CPU.Build.0 = Debug|Any CPU
		{0EF82395-F2D0-4ED0-82A2-002814335D85}.Release|Any CPU.ActiveCfg = Release|Any CPU
		{0EF82395-F2D0-4ED0-82A2-002814335D85}.Release|Any CPU.Build.0 = Release|Any CPU
		{24830C78-A930-4A30-9104-53B66903878B}.Debug|Any CPU.ActiveCfg = Debug|Any CPU
		{24830C78-A930-4A30-9104-53B66903878B}.Debug|Any CPU.Build.0 = Debug|Any CPU
		{24830C78-A930-4A30-9104-53B66903878B}.Release|Any CPU.ActiveCfg = Release|Any CPU
		{24830C78-A930-4A30-9104-53B66903878B}.Release|Any CPU.Build.0 = Release|Any CPU
		{B2E73A0E-DCFF-4FA5-BDA6-634F5F0EDDFC}.Debug|Any CPU.ActiveCfg = Debug|Any CPU
		{B2E73A0E-DCFF-4FA5-BDA6-634F5F0EDDFC}.Debug|Any CPU.Build.0 = Debug|Any CPU
		{B2E73A0E-DCFF-4FA5-BDA6-634F5F0EDDFC}.Release|Any CPU.ActiveCfg = Release|Any CPU
		{B2E73A0E-DCFF-4FA5-BDA6-634F5F0EDDFC}.Release|Any CPU.Build.0 = Release|Any CPU
		{E113E4E9-76C9-4B72-908C-BE67F08D2F65}.Debug|Any CPU.ActiveCfg = Debug|Any CPU
		{E113E4E9-76C9-4B72-908C-BE67F08D2F65}.Debug|Any CPU.Build.0 = Debug|Any CPU
		{E113E4E9-76C9-4B72-908C-BE67F08D2F65}.Release|Any CPU.ActiveCfg = Release|Any CPU
		{E113E4E9-76C9-4B72-908C-BE67F08D2F65}.Release|Any CPU.Build.0 = Release|Any CPU
		{8E68E797-9ACD-4F5B-861C-3D20F894482D}.Debug|Any CPU.ActiveCfg = Debug|Any CPU
		{8E68E797-9ACD-4F5B-861C-3D20F894482D}.Debug|Any CPU.Build.0 = Debug|Any CPU
		{8E68E797-9ACD-4F5B-861C-3D20F894482D}.Release|Any CPU.ActiveCfg = Release|Any CPU
		{8E68E797-9ACD-4F5B-861C-3D20F894482D}.Release|Any CPU.Build.0 = Release|Any CPU
		{02C47702-C591-42FE-B4D4-B5E59B5DAA87}.Debug|Any CPU.ActiveCfg = Debug|Any CPU
		{02C47702-C591-42FE-B4D4-B5E59B5DAA87}.Debug|Any CPU.Build.0 = Debug|Any CPU
		{02C47702-C591-42FE-B4D4-B5E59B5DAA87}.Release|Any CPU.ActiveCfg = Release|Any CPU
		{02C47702-C591-42FE-B4D4-B5E59B5DAA87}.Release|Any CPU.Build.0 = Release|Any CPU
		{0B667613-B689-43A2-9796-1FE2F1BB4A0C}.Debug|Any CPU.ActiveCfg = Debug|Any CPU
		{0B667613-B689-43A2-9796-1FE2F1BB4A0C}.Debug|Any CPU.Build.0 = Debug|Any CPU
		{0B667613-B689-43A2-9796-1FE2F1BB4A0C}.Release|Any CPU.ActiveCfg = Release|Any CPU
		{0B667613-B689-43A2-9796-1FE2F1BB4A0C}.Release|Any CPU.Build.0 = Release|Any CPU
		{FECA870A-DC28-4AD0-A85B-E6C1A851348F}.Debug|Any CPU.ActiveCfg = Debug|Any CPU
		{FECA870A-DC28-4AD0-A85B-E6C1A851348F}.Debug|Any CPU.Build.0 = Debug|Any CPU
		{FECA870A-DC28-4AD0-A85B-E6C1A851348F}.Release|Any CPU.ActiveCfg = Release|Any CPU
		{FECA870A-DC28-4AD0-A85B-E6C1A851348F}.Release|Any CPU.Build.0 = Release|Any CPU
		{BC4E77E6-61B3-43EA-A460-90F51C64F7D3}.Debug|Any CPU.ActiveCfg = Debug|Any CPU
		{BC4E77E6-61B3-43EA-A460-90F51C64F7D3}.Debug|Any CPU.Build.0 = Debug|Any CPU
		{BC4E77E6-61B3-43EA-A460-90F51C64F7D3}.Release|Any CPU.ActiveCfg = Release|Any CPU
		{BC4E77E6-61B3-43EA-A460-90F51C64F7D3}.Release|Any CPU.Build.0 = Release|Any CPU
	EndGlobalSection
	GlobalSection(SolutionProperties) = preSolution
		HideSolutionNode = FALSE
	EndGlobalSection
	GlobalSection(ExtensibilityGlobals) = postSolution
		SolutionGuid = {942101A4-7FF4-4AB0-9C4B-E9E78968FBD0}
	EndGlobalSection
EndGlobal
